
Microsoft Visual Studio Solution File, Format Version 12.00
# Visual Studio 14
VisualStudioVersion = 14.0.24720.0
MinimumVisualStudioVersion = 10.0.40219.1
Project("{FAE04EC0-301F-11D3-BF4B-00C04F79EFBC}") = "Emgucv", "Emgucv\Emgucv.csproj", "{BCFFEE36-92BE-4F30-A347-575D6782023D}"
EndProject
Global
	GlobalSection(SolutionConfigurationPlatforms) = preSolution
		Debug|Any CPU = Debug|Any CPU
		Release|Any CPU = Release|Any CPU
	EndGlobalSection
	GlobalSection(ProjectConfigurationPlatforms) = postSolution
		{BCFFEE36-92BE-4F30-A347-575D6782023D}.Debug|Any CPU.ActiveCfg = Debug|Any CPU
		{BCFFEE36-92BE-4F30-A347-575D6782023D}.Debug|Any CPU.Build.0 = Debug|Any CPU
		{BCFFEE36-92BE-4F30-A347-575D6782023D}.Release|Any CPU.ActiveCfg = Release|Any CPU
		{BCFFEE36-92BE-4F30-A347-575D6782023D}.Release|Any CPU.Build.0 = Release|Any CPU
	EndGlobalSection
	GlobalSection(SolutionProperties) = preSolution
		HideSolutionNode = FALSE
	EndGlobalSection
EndGlobal
